{
  "pins" : [
    {
      "identity" : "swift-package-manager-google-mobile-ads",
      "kind" : "remoteSourceControl",
      "location" : "https://github.com/googleads/swift-package-manager-google-mobile-ads.git",
      "state" : {
        "branch" : "main",
        "revision" : "41118048ffdeb8ef6c0f2207b685f84fba260f56"
      }
    },
    {
      "identity" : "swift-package-manager-google-user-messaging-platform",
      "kind" : "remoteSourceControl",
      "location" : "https://github.com/googleads/swift-package-manager-google-user-messaging-platform.git",
      "state" : {
        "revision" : "9b68aa69fb508f0274853e226c734151a973c7b7",
        "version" : "2.4.0"
      }
    }
  ],
  "version" : 2
}
